// !$*UTF8*$!
{
	archiveVersion = 1;
	classes = {
	};
	objectVersion = 50;
	objects = {

/* Begin PBXBuildFile section */
		AE18FAC9220AB39800933BC2 /* StackViewController.swift in Sources */ = {isa = PBXBuildFile; fileRef = AE18FAC8220AB39800933BC2 /* StackViewController.swift */; };
		AE18FACC220AC0F000933BC2 /* TestCell.swift in Sources */ = {isa = PBXBuildFile; fileRef = AE18FACA220AC0F000933BC2 /* TestCell.swift */; };
		AE18FACD220AC0F000933BC2 /* TestCell.xib in Resources */ = {isa = PBXBuildFile; fileRef = AE18FACB220AC0F000933BC2 /* TestCell.xib */; };
		AEB464CB21BE653E002981AB /* AppDelegate.swift in Sources */ = {isa = PBXBuildFile; fileRef = AEB464CA21BE653E002981AB /* AppDelegate.swift */; };
		AEB464CD21BE653E002981AB /* ViewController.swift in Sources */ = {isa = PBXBuildFile; fileRef = AEB464CC21BE653E002981AB /* ViewController.swift */; };
		AEB464D021BE653E002981AB /* Main.storyboard in Resources */ = {isa = PBXBuildFile; fileRef = AEB464CE21BE653E002981AB /* Main.storyboard */; };
		AEB464D221BE6542002981AB /* Assets.xcassets in Resources */ = {isa = PBXBuildFile; fileRef = AEB464D121BE6542002981AB /* Assets.xcassets */; };
		AEB464D521BE6542002981AB /* LaunchScreen.storyboard in Resources */ = {isa = PBXBuildFile; fileRef = AEB464D321BE6542002981AB /* LaunchScreen.storyboard */; };
		AEB464DE21BE691E002981AB /* AlertDelegate.swift in Sources */ = {isa = PBXBuildFile; fileRef = AEB464DD21BE691E002981AB /* AlertDelegate.swift */; };
/* End PBXBuildFile section */

/* Begin PBXFileReference section */
		AE18FAC8220AB39800933BC2 /* StackViewController.swift */ = {isa = PBXFileReference; lastKnownFileType = sourcecode.swift; path = StackViewController.swift; sourceTree = "<group>"; };
		AE18FACA220AC0F000933BC2 /* TestCell.swift */ = {isa = PBXFileReference; lastKnownFileType = sourcecode.swift; path = TestCell.swift; sourceTree = "<group>"; };
		AE18FACB220AC0F000933BC2 /* TestCell.xib */ = {isa = PBXFileReference; lastKnownFileType = file.xib; path = TestCell.xib; sourceTree = "<group>"; };
		AEB464C721BE653E002981AB /* AlertWithDelgate.app */ = {isa = PBXFileReference; explicitFileType = wrapper.application; includeInIndex = 0; path = AlertWithDelgate.app; sourceTree = BUILT_PRODUCTS_DIR; };
		AEB464CA21BE653E002981AB /* AppDelegate.swift */ = {isa = PBXFileReference; lastKnownFileType = sourcecode.swift; path = AppDelegate.swift; sourceTree = "<group>"; };
		AEB464CC21BE653E002981AB /* ViewController.swift */ = {isa = PBXFileReference; lastKnownFileType = sourcecode.swift; path = ViewController.swift; sourceTree = "<group>"; };
		AEB464CF21BE653E002981AB /* Base */ = {isa = PBXFileReference; lastKnownFileType = file.storyboard; name = Base; path = Base.lproj/Main.storyboard; sourceTree = "<group>"; };
		AEB464D121BE6542002981AB /* Assets.xcassets */ = {isa = PBXFileReference; lastKnownFileType = folder.assetcatalog; path = Assets.xcassets; sourceTree = "<group>"; };
		AEB464D421BE6542002981AB /* Base */ = {isa = PBXFileReference; lastKnownFileType = file.storyboard; name = Base; path = Base.lproj/LaunchScreen.storyboard; sourceTree = "<group>"; };
		AEB464D621BE6542002981AB /* Info.plist */ = {isa = PBXFileReference; lastKnownFileType = text.plist.xml; path = Info.plist; sourceTree = "<group>"; };
		AEB464DD21BE691E002981AB /* AlertDelegate.swift */ = {isa = PBXFileReference; lastKnownFileType = sourcecode.swift; path = AlertDelegate.swift; sourceTree = "<group>"; };
/* End PBXFileReference section */

/* Begin PBXFrameworksBuildPhase section */
		AEB464C421BE653E002981AB /* Frameworks */ = {
			isa = PBXFrameworksBuildPhase;
			buildActionMask = 2147483647;
			files = (
			);
			runOnlyForDeploymentPostprocessing = 0;
		};
/* End PBXFrameworksBuildPhase section */

/* Begin PBXGroup section */
		AE18FAC7220AB36900933BC2 /* StackView */ = {
			isa = PBXGroup;
			children = (
				AE18FAC8220AB39800933BC2 /* StackViewController.swift */,
				AE18FACA220AC0F000933BC2 /* TestCell.swift */,
				AE18FACB220AC0F000933BC2 /* TestCell.xib */,
			);
			path = StackView;
			sourceTree = "<group>";
		};
		AEB464BE21BE653E002981AB = {
			isa = PBXGroup;
			children = (
				AEB464C921BE653E002981AB /* AlertWithDelgate */,
				AEB464C821BE653E002981AB /* Products */,
			);
			sourceTree = "<group>";
		};
		AEB464C821BE653E002981AB /* Products */ = {
			isa = PBXGroup;
			children = (
				AEB464C721BE653E002981AB /* AlertWithDelgate.app */,
			);
			name = Products;
			sourceTree = "<group>";
		};
		AEB464C921BE653E002981AB /* AlertWithDelgate */ = {
			isa = PBXGroup;
			children = (
				AE18FAC7220AB36900933BC2 /* StackView */,
				AEB464DC21BE687C002981AB /* Delgate */,
				AEB464CA21BE653E002981AB /* AppDelegate.swift */,
				AEB464CC21BE653E002981AB /* ViewController.swift */,
				AEB464CE21BE653E002981AB /* Main.storyboard */,
				AEB464D121BE6542002981AB /* Assets.xcassets */,
				AEB464D321BE6542002981AB /* LaunchScreen.storyboard */,
				AEB464D621BE6542002981AB /* Info.plist */,
			);
			path = AlertWithDelgate;
			sourceTree = "<group>";
		};
		AEB464DC21BE687C002981AB /* Delgate */ = {
			isa = PBXGroup;
			children = (
				AEB464DD21BE691E002981AB /* AlertDelegate.swift */,
			);
			path = Delgate;
			sourceTree = "<group>";
		};
/* End PBXGroup section */

/* Begin PBXNativeTarget section */
		AEB464C621BE653E002981AB /* AlertWithDelgate */ = {
			isa = PBXNativeTarget;
			buildConfigurationList = AEB464D921BE6542002981AB /* Build configuration list for PBXNativeTarget "AlertWithDelgate" */;
			buildPhases = (
				AEB464C321BE653E002981AB /* Sources */,
				AEB464C421BE653E002981AB /* Frameworks */,
				AEB464C521BE653E002981AB /* Resources */,
			);
			buildRules = (
			);
			dependencies = (
			);
			name = AlertWithDelgate;
			productName = AlertWithDelgate;
			productReference = AEB464C721BE653E002981AB /* AlertWithDelgate.app */;
			productType = "com.apple.product-type.application";
		};
/* End PBXNativeTarget section */

/* Begin PBXProject section */
		AEB464BF21BE653E002981AB /* Project object */ = {
			isa = PBXProject;
			attributes = {
				LastSwiftUpdateCheck = 0940;
				LastUpgradeCheck = 0940;
				ORGANIZATIONNAME = BajajAllianz;
				TargetAttributes = {
					AEB464C621BE653E002981AB = {
						CreatedOnToolsVersion = 9.4.1;
					};
				};
			};
			buildConfigurationList = AEB464C221BE653E002981AB /* Build configuration list for PBXProject "AlertWithDelgate" */;
			compatibilityVersion = "Xcode 9.3";
			developmentRegion = en;
			hasScannedForEncodings = 0;
			knownRegions = (
				en,
				Base,
			);
			mainGroup = AEB464BE21BE653E002981AB;
			productRefGroup = AEB464C821BE653E002981AB /* Products */;
			projectDirPath = "";
			projectRoot = "";
			targets = (
				AEB464C621BE653E002981AB /* AlertWithDelgate */,
			);
		};
/* End PBXProject section */

/* Begin PBXResourcesBuildPhase section */
		AEB464C521BE653E002981AB /* Resources */ = {
			isa = PBXResourcesBuildPhase;
			buildActionMask = 2147483647;
			files = (
				AEB464D521BE6542002981AB /* LaunchScreen.storyboard in Resources */,
				AE18FACD220AC0F000933BC2 /* TestCell.xib in Resources */,
				AEB464D221BE6542002981AB /* Assets.xcassets in Resources */,
				AEB464D021BE653E002981AB /* Main.storyboard in Resources */,
			);
			runOnlyForDeploymentPostprocessing = 0;
		};
/* End PBXResourcesBuildPhase section */

/* Begin PBXSourcesBuildPhase section */
		AEB464C321BE653E002981AB /* Sources */ = {
			isa = PBXSourcesBuildPhase;
			buildActionMask = 2147483647;
			files = (
				AE18FACC220AC0F000933BC2 /* TestCell.swift in Sources */,
				AEB464CD21BE653E002981AB /* ViewController.swift in Sources */,
				AE18FAC9220AB39800933BC2 /* StackViewController.swift in Sources */,
				AEB464DE21BE691E002981AB /* AlertDelegate.swift in Sources */,
				AEB464CB21BE653E002981AB /* AppDelegate.swift in Sources */,
			);
			runOnlyForDeploymentPostprocessing = 0;
		};
/* End PBXSourcesBuildPhase section */

/* Begin PBXVariantGroup section */
		AEB464CE21BE653E002981AB /* Main.storyboard */ = {
			isa = PBXVariantGroup;
			children = (
				AEB464CF21BE653E002981AB /* Base */,
			);
			name = Main.storyboard;
			sourceTree = "<group>";
		};
		AEB464D321BE6542002981AB /* LaunchScreen.storyboard */ = {
			isa = PBXVariantGroup;
			children = (
				AEB464D421BE6542002981AB /* Base */,
			);
			name = LaunchScreen.storyboard;
			sourceTree = "<group>";
		};
/* End PBXVariantGroup section */

/* Begin XCBuildConfiguration section */
		AEB464D721BE6542002981AB /* Debug */ = {
			isa = XCBuildConfiguration;
			buildSettings = {
				ALWAYS_SEARCH_USER_PATHS = NO;
				CLANG_ANALYZER_NONNULL = YES;
				CLANG_ANALYZER_NUMBER_OBJECT_CONVERSION = YES_AGGRESSIVE;
				CLANG_CXX_LANGUAGE_STANDARD = "gnu++14";
				CLANG_CXX_LIBRARY = "libc++";
				CLANG_ENABLE_MODULES = YES;
				CLANG_ENABLE_OBJC_ARC = YES;
				CLANG_ENABLE_OBJC_WEAK = YES;
				CLANG_WARN_BLOCK_CAPTURE_AUTORELEASING = YES;
				CLANG_WARN_BOOL_CONVERSION = YES;
				CLANG_WARN_COMMA = YES;
				CLANG_WARN_CONSTANT_CONVERSION = YES;
				CLANG_WARN_DEPRECATED_OBJC_IMPLEMENTATIONS = YES;
				CLANG_WARN_DIRECT_OBJC_ISA_USAGE = YES_ERROR;
				CLANG_WARN_DOCUMENTATION_COMMENTS = YES;
				CLANG_WARN_EMPTY_BODY = YES;
				CLANG_WARN_ENUM_CONVERSION = YES;
				CLANG_WARN_INFINITE_RECURSION = YES;
				CLANG_WARN_INT_CONVERSION = YES;
				CLANG_WARN_NON_LITERAL_NULL_CONVERSION = YES;
				CLANG_WARN_OBJC_IMPLICIT_RETAIN_SELF = YES;
				CLANG_WARN_OBJC_LITERAL_CONVERSION = YES;
				CLANG_WARN_OBJC_ROOT_CLASS = YES_ERROR;
				CLANG_WARN_RANGE_LOOP_ANALYSIS = YES;
				CLANG_WARN_STRICT_PROTOTYPES = YES;
				CLANG_WARN_SUSPICIOUS_MOVE = YES;
				CLANG_WARN_UNGUARDED_AVAILABILITY = YES_AGGRESSIVE;
				CLANG_WARN_UNREACHABLE_CODE = YES;
				CLANG_WARN__DUPLICATE_METHOD_MATCH = YES;
				CODE_SIGN_IDENTITY = "iPhone Developer";
				COPY_PHASE_STRIP = NO;
				DEBUG_INFORMATION_FORMAT = dwarf;
				ENABLE_STRICT_OBJC_MSGSEND = YES;
				ENABLE_TESTABILITY = YES;
				GCC_C_LANGUAGE_STANDARD = gnu11;
				GCC_DYNAMIC_NO_PIC = NO;
				GCC_NO_COMMON_BLOCKS = YES;
				GCC_OPTIMIZATION_LEVEL = 0;
				GCC_PREPROCESSOR_DEFINITIONS = (
					"DEBUG=1",
					"$(inherited)",
				);
				GCC_WARN_64_TO_32_BIT_CONVERSION = YES;
				GCC_WARN_ABOUT_RETURN_TYPE = YES_ERROR;
				GCC_WARN_UNDECLARED_SELECTOR = YES;
				GCC_WARN_UNINITIALIZED_AUTOS = YES_AGGRESSIVE;
				GCC_WARN_UNUSED_FUNCTION = YES;
				GCC_WARN_UNUSED_VARIABLE = YES;
				IPHONEOS_DEPLOYMENT_TARGET = 11.4;
				MTL_ENABLE_DEBUG_INFO = YES;
				ONLY_ACTIVE_ARCH = YES;
				SDKROOT = iphoneos;
				SWIFT_ACTIVE_COMPILATION_CONDITIONS = DEBUG;
				SWIFT_OPTIMIZATION_LEVEL = "-Onone";
			};
			name = Debug;
		};
		AEB464D821BE6542002981AB /* Release */ = {
			isa = XCBuildConfiguration;
			buildSettings = {
				ALWAYS_SEARCH_USER_PATHS = NO;
				CLANG_ANALYZER_NONNULL = YES;
				CLANG_ANALYZER_NUMBER_OBJECT_CONVERSION = YES_AGGRESSIVE;
				CLANG_CXX_LANGUAGE_STANDARD = "gnu++14";
				CLANG_CXX_LIBRARY = "libc++";
				CLANG_ENABLE_MODULES = YES;
				CLANG_ENABLE_OBJC_ARC = YES;
				CLANG_ENABLE_OBJC_WEAK = YES;
				CLANG_WARN_BLOCK_CAPTURE_AUTORELEASING = YES;
				CLANG_WARN_BOOL_CONVERSION = YES;
				CLANG_WARN_COMMA = YES;
				CLANG_WARN_CONSTANT_CONVERSION = YES;
				CLANG_WARN_DEPRECATED_OBJC_IMPLEMENTATIONS = YES;
				CLANG_WARN_DIRECT_OBJC_ISA_USAGE = YES_ERROR;
				CLANG_WARN_DOCUMENTATION_COMMENTS = YES;
				CLANG_WARN_EMPTY_BODY = YES;
				CLANG_WARN_ENUM_CONVERSION = YES;
				CLANG_WARN_INFINITE_RECURSION = YES;
				CLANG_WARN_INT_CONVERSION = YES;
				CLANG_WARN_NON_LITERAL_NULL_CONVERSION = YES;
				CLANG_WARN_OBJC_IMPLICIT_RETAIN_SELF = YES;
				CLANG_WARN_OBJC_LITERAL_CONVERSION = YES;
				CLANG_WARN_OBJC_ROOT_CLASS = YES_ERROR;
				CLANG_WARN_RANGE_LOOP_ANALYSIS = YES;
				CLANG_WARN_STRICT_PROTOTYPES = YES;
				CLANG_WARN_SUSPICIOUS_MOVE = YES;
				CLANG_WARN_UNGUARDED_AVAILABILITY = YES_AGGRESSIVE;
				CLANG_WARN_UNREACHABLE_CODE = YES;
				CLANG_WARN__DUPLICATE_METHOD_MATCH = YES;
				CODE_SIGN_IDENTITY = "iPhone Developer";
				COPY_PHASE_STRIP = NO;
				DEBUG_INFORMATION_FORMAT = "dwarf-with-dsym";
				ENABLE_NS_ASSERTIONS = NO;
				ENABLE_STRICT_OBJC_MSGSEND = YES;
				GCC_C_LANGUAGE_STANDARD = gnu11;
				GCC_NO_COMMON_BLOCKS = YES;
				GCC_WARN_64_TO_32_BIT_CONVERSION = YES;
				GCC_WARN_ABOUT_RETURN_TYPE = YES_ERROR;
				GCC_WARN_UNDECLARED_SELECTOR = YES;
				GCC_WARN_UNINITIALIZED_AUTOS = YES_AGGRESSIVE;
				GCC_WARN_UNUSED_FUNCTION = YES;
				GCC_WARN_UNUSED_VARIABLE = YES;
				IPHONEOS_DEPLOYMENT_TARGET = 11.4;
				MTL_ENABLE_DEBUG_INFO = NO;
				SDKROOT = iphoneos;
				SWIFT_COMPILATION_MODE = wholemodule;
				SWIFT_OPTIMIZATION_LEVEL = "-O";
				VALIDATE_PRODUCT = YES;
			};
			name = Release;
		};
		AEB464DA21BE6542002981AB /* Debug */ = {
			isa = XCBuildConfiguration;
			buildSettings = {
				ASSETCATALOG_COMPILER_APPICON_NAME = AppIcon;
				CODE_SIGN_STYLE = Automatic;
				DEVELOPMENT_TEAM = BZT9UU26NZ;
				INFOPLIST_FILE = AlertWithDelgate/Info.plist;
				IPHONEOS_DEPLOYMENT_TARGET = 10.0;
				LD_RUNPATH_SEARCH_PATHS = (
					"$(inherited)",
					"@executable_path/Frameworks",
				);
				PRODUCT_BUNDLE_IDENTIFIER = com.bajajallianz.AlertWithDelgate;
				PRODUCT_NAME = "$(TARGET_NAME)";
				SWIFT_VERSION = 4.0;
				TARGETED_DEVICE_FAMILY = "1,2";
			};
			name = Debug;
		};
		AEB464DB21BE6542002981AB /* Release */ = {
			isa = XCBuildConfiguration;
			buildSettings = {
				ASSETCATALOG_COMPILER_APPICON_NAME = AppIcon;
				CODE_SIGN_STYLE = Automatic;
				DEVELOPMENT_TEAM = BZT9UU26NZ;
				INFOPLIST_FILE = AlertWithDelgate/Info.plist;
				IPHONEOS_DEPLOYMENT_TARGET = 10.0;
				LD_RUNPATH_SEARCH_PATHS = (
					"$(inherited)",
					"@executable_path/Frameworks",
				);
				PRODUCT_BUNDLE_IDENTIFIER = com.bajajallianz.AlertWithDelgate;
				PRODUCT_NAME = "$(TARGET_NAME)";
				SWIFT_VERSION = 4.0;
				TARGETED_DEVICE_FAMILY = "1,2";
			};
			name = Release;
		};
/* End XCBuildConfiguration section */

/* Begin XCConfigurationList section */
		AEB464C221BE653E002981AB /* Build configuration list for PBXProject "AlertWithDelgate" */ = {
			isa = XCConfigurationList;
			buildConfigurations = (
				AEB464D721BE6542002981AB /* Debug */,
				AEB464D821BE6542002981AB /* Release */,
			);
			defaultConfigurationIsVisible = 0;
			defaultConfigurationName = Release;
		};
		AEB464D921BE6542002981AB /* Build configuration list for PBXNativeTarget "AlertWithDelgate" */ = {
			isa = XCConfigurationList;
			buildConfigurations = (
				AEB464DA21BE6542002981AB /* Debug */,
				AEB464DB21BE6542002981AB /* Release */,
			);
			defaultConfigurationIsVisible = 0;
			defaultConfigurationName = Release;
		};
/* End XCConfigurationList section */
	};
	rootObject = AEB464BF21BE653E002981AB /* Project object */;
}
